
Microsoft Visual Studio Solution File, Format Version 12.00
# Visual Studio Version 17
VisualStudioVersion = 17.8.34322.80
MinimumVisualStudioVersion = 10.0.40219.1
Project("{9A19103F-16F7-4668-BE54-9A1E7A4F7556}") = "DesignPatterns", "DesignPatterns\DesignPatterns.csproj", "{20566DFC-BB77-4B21-99E8-2617DF996315}"
EndProject
Project("{9A19103F-16F7-4668-BE54-9A1E7A4F7556}") = "FactoryMethod", "FactoryMethod\FactoryMethod.csproj", "{9686ABEA-D928-427C-A322-FD9F2B99B8A2}"
EndProject
Project("{9A19103F-16F7-4668-BE54-9A1E7A4F7556}") = "AbstractFactory", "AbstractFactory\AbstractFactory.csproj", "{9B670652-7D9F-4E5E-AAC5-4E9B65E4FB0A}"
EndProject
Project("{9A19103F-16F7-4668-BE54-9A1E7A4F7556}") = "Builder", "Builder\Builder.csproj", "{A26105EE-B27C-4695-AED7-580177763006}"
EndProject
Project("{9A19103F-16F7-4668-BE54-9A1E7A4F7556}") = "Prototype", "Prototype\Prototype.csproj", "{EE4179AB-D92A-4AC3-B4A0-9A06707A8286}"
EndProject
Project("{9A19103F-16F7-4668-BE54-9A1E7A4F7556}") = "Singleton", "Singleton\Singleton.csproj", "{AC083E94-E6F7-40C8-AE77-FFD90D959D9F}"
EndProject
Project("{2150E333-8FDC-42A3-9474-1A3956D46DE8}") = "Creacionales", "Creacionales", "{374FD4F7-7910-4694-AF2A-04745A3AC6AC}"
EndProject
Project("{2150E333-8FDC-42A3-9474-1A3956D46DE8}") = "Estructurales", "Estructurales", "{B69B4371-2732-43AC-9374-EB3CFCD8F30C}"
EndProject
Project("{9A19103F-16F7-4668-BE54-9A1E7A4F7556}") = "Adapter", "Adapter\Adapter.csproj", "{6F30D9B8-BA5B-41D8-B5D1-D31A08A1B689}"
EndProject
Project("{FAE04EC0-301F-11D3-BF4B-00C04F79EFBC}") = "Bridge", "Bridge\Bridge.csproj", "{D56A9475-7D01-47A9-AD80-6BC415450AEE}"
EndProject
Global
	GlobalSection(SolutionConfigurationPlatforms) = preSolution
		Debug|Any CPU = Debug|Any CPU
		Release|Any CPU = Release|Any CPU
	EndGlobalSection
	GlobalSection(ProjectConfigurationPlatforms) = postSolution
		{20566DFC-BB77-4B21-99E8-2617DF996315}.Debug|Any CPU.ActiveCfg = Debug|Any CPU
		{20566DFC-BB77-4B21-99E8-2617DF996315}.Debug|Any CPU.Build.0 = Debug|Any CPU
		{20566DFC-BB77-4B21-99E8-2617DF996315}.Release|Any CPU.ActiveCfg = Release|Any CPU
		{20566DFC-BB77-4B21-99E8-2617DF996315}.Release|Any CPU.Build.0 = Release|Any CPU
		{9686ABEA-D928-427C-A322-FD9F2B99B8A2}.Debug|Any CPU.ActiveCfg = Debug|Any CPU
		{9686ABEA-D928-427C-A322-FD9F2B99B8A2}.Debug|Any CPU.Build.0 = Debug|Any CPU
		{9686ABEA-D928-427C-A322-FD9F2B99B8A2}.Release|Any CPU.ActiveCfg = Release|Any CPU
		{9686ABEA-D928-427C-A322-FD9F2B99B8A2}.Release|Any CPU.Build.0 = Release|Any CPU
		{9B670652-7D9F-4E5E-AAC5-4E9B65E4FB0A}.Debug|Any CPU.ActiveCfg = Debug|Any CPU
		{9B670652-7D9F-4E5E-AAC5-4E9B65E4FB0A}.Debug|Any CPU.Build.0 = Debug|Any CPU
		{9B670652-7D9F-4E5E-AAC5-4E9B65E4FB0A}.Release|Any CPU.ActiveCfg = Release|Any CPU
		{9B670652-7D9F-4E5E-AAC5-4E9B65E4FB0A}.Release|Any CPU.Build.0 = Release|Any CPU
		{A26105EE-B27C-4695-AED7-580177763006}.Debug|Any CPU.ActiveCfg = Debug|Any CPU
		{A26105EE-B27C-4695-AED7-580177763006}.Debug|Any CPU.Build.0 = Debug|Any CPU
		{A26105EE-B27C-4695-AED7-580177763006}.Release|Any CPU.ActiveCfg = Release|Any CPU
		{A26105EE-B27C-4695-AED7-580177763006}.Release|Any CPU.Build.0 = Release|Any CPU
		{EE4179AB-D92A-4AC3-B4A0-9A06707A8286}.Debug|Any CPU.ActiveCfg = Debug|Any CPU
		{EE4179AB-D92A-4AC3-B4A0-9A06707A8286}.Debug|Any CPU.Build.0 = Debug|Any CPU
		{EE4179AB-D92A-4AC3-B4A0-9A06707A8286}.Release|Any CPU.ActiveCfg = Release|Any CPU
		{EE4179AB-D92A-4AC3-B4A0-9A06707A8286}.Release|Any CPU.Build.0 = Release|Any CPU
		{AC083E94-E6F7-40C8-AE77-FFD90D959D9F}.Debug|Any CPU.ActiveCfg = Debug|Any CPU
		{AC083E94-E6F7-40C8-AE77-FFD90D959D9F}.Debug|Any CPU.Build.0 = Debug|Any CPU
		{AC083E94-E6F7-40C8-AE77-FFD90D959D9F}.Release|Any CPU.ActiveCfg = Release|Any CPU
		{AC083E94-E6F7-40C8-AE77-FFD90D959D9F}.Release|Any CPU.Build.0 = Release|Any CPU
		{6F30D9B8-BA5B-41D8-B5D1-D31A08A1B689}.Debug|Any CPU.ActiveCfg = Debug|Any CPU
		{6F30D9B8-BA5B-41D8-B5D1-D31A08A1B689}.Debug|Any CPU.Build.0 = Debug|Any CPU
		{6F30D9B8-BA5B-41D8-B5D1-D31A08A1B689}.Release|Any CPU.ActiveCfg = Release|Any CPU
		{6F30D9B8-BA5B-41D8-B5D1-D31A08A1B689}.Release|Any CPU.Build.0 = Release|Any CPU
		{D56A9475-7D01-47A9-AD80-6BC415450AEE}.Debug|Any CPU.ActiveCfg = Debug|Any CPU
		{D56A9475-7D01-47A9-AD80-6BC415450AEE}.Debug|Any CPU.Build.0 = Debug|Any CPU
		{D56A9475-7D01-47A9-AD80-6BC415450AEE}.Release|Any CPU.ActiveCfg = Release|Any CPU
		{D56A9475-7D01-47A9-AD80-6BC415450AEE}.Release|Any CPU.Build.0 = Release|Any CPU
	EndGlobalSection
	GlobalSection(SolutionProperties) = preSolution
		HideSolutionNode = FALSE
	EndGlobalSection
	GlobalSection(NestedProjects) = preSolution
		{9686ABEA-D928-427C-A322-FD9F2B99B8A2} = {374FD4F7-7910-4694-AF2A-04745A3AC6AC}
		{9B670652-7D9F-4E5E-AAC5-4E9B65E4FB0A} = {374FD4F7-7910-4694-AF2A-04745A3AC6AC}
		{A26105EE-B27C-4695-AED7-580177763006} = {374FD4F7-7910-4694-AF2A-04745A3AC6AC}
		{EE4179AB-D92A-4AC3-B4A0-9A06707A8286} = {374FD4F7-7910-4694-AF2A-04745A3AC6AC}
		{AC083E94-E6F7-40C8-AE77-FFD90D959D9F} = {374FD4F7-7910-4694-AF2A-04745A3AC6AC}
	EndGlobalSection
	GlobalSection(ExtensibilityGlobals) = postSolution
		SolutionGuid = {BC8C688E-3A1B-4840-AA74-D4E8BB7F1640}
	EndGlobalSection
EndGlobal
